
Microsoft Visual Studio Solution File, Format Version 12.00
# Visual Studio 15
VisualStudioVersion = 15.0.27130.2020
MinimumVisualStudioVersion = 10.0.40219.1
Project("{FAE04EC0-301F-11D3-BF4B-00C04F79EFBC}") = "LabelLoader", "LabelLoader\LabelLoader.csproj", "{D01EEB0D-10BA-4222-8A78-F235C9D28F0D}"
EndProject
Project("{FAE04EC0-301F-11D3-BF4B-00C04F79EFBC}") = "Dashboard", "Dashboard\Dashboard.csproj", "{E259F083-5C57-46A4-8CFF-C4A89EF71A6C}"
EndProject
Global
	GlobalSection(SolutionConfigurationPlatforms) = preSolution
		Debug|Any CPU = Debug|Any CPU
		Release|Any CPU = Release|Any CPU
	EndGlobalSection
	GlobalSection(ProjectConfigurationPlatforms) = postSolution
		{D01EEB0D-10BA-4222-8A78-F235C9D28F0D}.Debug|Any CPU.ActiveCfg = Debug|Any CPU
		{D01EEB0D-10BA-4222-8A78-F235C9D28F0D}.Debug|Any CPU.Build.0 = Debug|Any CPU
		{D01EEB0D-10BA-4222-8A78-F235C9D28F0D}.Release|Any CPU.ActiveCfg = Release|Any CPU
		{D01EEB0D-10BA-4222-8A78-F235C9D28F0D}.Release|Any CPU.Build.0 = Release|Any CPU
		{E259F083-5C57-46A4-8CFF-C4A89EF71A6C}.Debug|Any CPU.ActiveCfg = Debug|Any CPU
		{E259F083-5C57-46A4-8CFF-C4A89EF71A6C}.Debug|Any CPU.Build.0 = Debug|Any CPU
		{E259F083-5C57-46A4-8CFF-C4A89EF71A6C}.Release|Any CPU.ActiveCfg = Release|Any CPU
		{E259F083-5C57-46A4-8CFF-C4A89EF71A6C}.Release|Any CPU.Build.0 = Release|Any CPU
	EndGlobalSection
	GlobalSection(SolutionProperties) = preSolution
		HideSolutionNode = FALSE
	EndGlobalSection
	GlobalSection(ExtensibilityGlobals) = postSolution
		SolutionGuid = {9B639FB6-15C7-46E7-91BB-3E6EAC00D6CF}
	EndGlobalSection
EndGlobal
