
Microsoft Visual Studio Solution File, Format Version 12.00
# Visual Studio 15
VisualStudioVersion = 15.0.27130.2020
MinimumVisualStudioVersion = 10.0.40219.1
Project("{9A19103F-16F7-4668-BE54-9A1E7A4F7556}") = "LabelLoader", "LabelLoader\LabelLoader.csproj", "{D01EEB0D-10BA-4222-8A78-F235C9D28F0D}"
EndProject
Project("{9A19103F-16F7-4668-BE54-9A1E7A4F7556}") = "Dashboard", "Dashboard\Dashboard.csproj", "{E259F083-5C57-46A4-8CFF-C4A89EF71A6C}"
EndProject
Project("{9A19103F-16F7-4668-BE54-9A1E7A4F7556}") = "GeekBurger.Dashboard.Contract", "GeekBurger.Dashboard.Contract.Models\GeekBurger.Dashboard.Contract.csproj", "{B49F5F84-863D-440B-9014-08AD2F1B36CB}"
EndProject
Global
	GlobalSection(SolutionConfigurationPlatforms) = preSolution
		Debug|Any CPU = Debug|Any CPU
		Debug|x64 = Debug|x64
		Release|Any CPU = Release|Any CPU
		Release|x64 = Release|x64
	EndGlobalSection
	GlobalSection(ProjectConfigurationPlatforms) = postSolution
		{D01EEB0D-10BA-4222-8A78-F235C9D28F0D}.Debug|Any CPU.ActiveCfg = Debug|Any CPU
		{D01EEB0D-10BA-4222-8A78-F235C9D28F0D}.Debug|Any CPU.Build.0 = Debug|Any CPU
		{D01EEB0D-10BA-4222-8A78-F235C9D28F0D}.Debug|x64.ActiveCfg = Debug|x64
		{D01EEB0D-10BA-4222-8A78-F235C9D28F0D}.Debug|x64.Build.0 = Debug|x64
		{D01EEB0D-10BA-4222-8A78-F235C9D28F0D}.Release|Any CPU.ActiveCfg = Release|Any CPU
		{D01EEB0D-10BA-4222-8A78-F235C9D28F0D}.Release|Any CPU.Build.0 = Release|Any CPU
		{D01EEB0D-10BA-4222-8A78-F235C9D28F0D}.Release|x64.ActiveCfg = Release|x64
		{D01EEB0D-10BA-4222-8A78-F235C9D28F0D}.Release|x64.Build.0 = Release|x64
		{E259F083-5C57-46A4-8CFF-C4A89EF71A6C}.Debug|Any CPU.ActiveCfg = Debug|Any CPU
		{E259F083-5C57-46A4-8CFF-C4A89EF71A6C}.Debug|Any CPU.Build.0 = Debug|Any CPU
		{E259F083-5C57-46A4-8CFF-C4A89EF71A6C}.Debug|x64.ActiveCfg = Debug|x64
		{E259F083-5C57-46A4-8CFF-C4A89EF71A6C}.Debug|x64.Build.0 = Debug|x64
		{E259F083-5C57-46A4-8CFF-C4A89EF71A6C}.Release|Any CPU.ActiveCfg = Release|Any CPU
		{E259F083-5C57-46A4-8CFF-C4A89EF71A6C}.Release|Any CPU.Build.0 = Release|Any CPU
		{E259F083-5C57-46A4-8CFF-C4A89EF71A6C}.Release|x64.ActiveCfg = Release|x64
		{E259F083-5C57-46A4-8CFF-C4A89EF71A6C}.Release|x64.Build.0 = Release|x64
		{B49F5F84-863D-440B-9014-08AD2F1B36CB}.Debug|Any CPU.ActiveCfg = Debug|Any CPU
		{B49F5F84-863D-440B-9014-08AD2F1B36CB}.Debug|Any CPU.Build.0 = Debug|Any CPU
		{B49F5F84-863D-440B-9014-08AD2F1B36CB}.Debug|x64.ActiveCfg = Debug|Any CPU
		{B49F5F84-863D-440B-9014-08AD2F1B36CB}.Debug|x64.Build.0 = Debug|Any CPU
		{B49F5F84-863D-440B-9014-08AD2F1B36CB}.Release|Any CPU.ActiveCfg = Release|Any CPU
		{B49F5F84-863D-440B-9014-08AD2F1B36CB}.Release|Any CPU.Build.0 = Release|Any CPU
		{B49F5F84-863D-440B-9014-08AD2F1B36CB}.Release|x64.ActiveCfg = Release|Any CPU
		{B49F5F84-863D-440B-9014-08AD2F1B36CB}.Release|x64.Build.0 = Release|Any CPU
	EndGlobalSection
	GlobalSection(SolutionProperties) = preSolution
		HideSolutionNode = FALSE
	EndGlobalSection
	GlobalSection(ExtensibilityGlobals) = postSolution
		SolutionGuid = {9B639FB6-15C7-46E7-91BB-3E6EAC00D6CF}
	EndGlobalSection
EndGlobal
